
Microsoft Visual Studio Solution File, Format Version 12.00
# Visual Studio 2017
Project("{FAE04EC0-301F-11D3-BF4B-00C04F79EFBC}") = "CMPM163-Homework2-", "CMPM163-Homework2-.csproj", "{0EDEE224-FCE9-BEFC-8A5F-3583264C7D7F}"
EndProject
Global
	GlobalSection(SolutionConfigurationPlatforms) = preSolution
		Debug|Any CPU = Debug|Any CPU
		Release|Any CPU = Release|Any CPU
	EndGlobalSection
	GlobalSection(ProjectConfigurationPlatforms) = postSolution
		{0EDEE224-FCE9-BEFC-8A5F-3583264C7D7F}.Debug|Any CPU.ActiveCfg = Debug|Any CPU
		{0EDEE224-FCE9-BEFC-8A5F-3583264C7D7F}.Debug|Any CPU.Build.0 = Debug|Any CPU
		{0EDEE224-FCE9-BEFC-8A5F-3583264C7D7F}.Release|Any CPU.ActiveCfg = Release|Any CPU
		{0EDEE224-FCE9-BEFC-8A5F-3583264C7D7F}.Release|Any CPU.Build.0 = Release|Any CPU
	EndGlobalSection
	GlobalSection(SolutionProperties) = preSolution
		HideSolutionNode = FALSE
	EndGlobalSection
EndGlobal
